
Microsoft Visual Studio Solution File, Format Version 12.00
# Visual Studio Version 17
VisualStudioVersion = 17.11.35303.130
MinimumVisualStudioVersion = 10.0.40219.1
Project("{FAE04EC0-301F-11D3-BF4B-00C04F79EFBC}") = "PRN221_FMart_Project.Server", "PRN221_FMart_Project.Server\PRN221_FMart_Project.Server.csproj", "{4538B015-CB56-4224-99AA-9FDA952FE913}"
EndProject
Project("{54A90642-561A-4BB1-A94E-469ADEE60C69}") = "prn221_fmart_project.client", "prn221_fmart_project.client\prn221_fmart_project.client.esproj", "{22FF77C4-12E1-4CD6-992A-EFF374426AA9}"
EndProject
Global
	GlobalSection(SolutionConfigurationPlatforms) = preSolution
		Debug|Any CPU = Debug|Any CPU
		Release|Any CPU = Release|Any CPU
	EndGlobalSection
	GlobalSection(ProjectConfigurationPlatforms) = postSolution
		{4538B015-CB56-4224-99AA-9FDA952FE913}.Debug|Any CPU.ActiveCfg = Debug|Any CPU
		{4538B015-CB56-4224-99AA-9FDA952FE913}.Debug|Any CPU.Build.0 = Debug|Any CPU
		{4538B015-CB56-4224-99AA-9FDA952FE913}.Release|Any CPU.ActiveCfg = Release|Any CPU
		{4538B015-CB56-4224-99AA-9FDA952FE913}.Release|Any CPU.Build.0 = Release|Any CPU
		{22FF77C4-12E1-4CD6-992A-EFF374426AA9}.Debug|Any CPU.ActiveCfg = Debug|Any CPU
		{22FF77C4-12E1-4CD6-992A-EFF374426AA9}.Debug|Any CPU.Build.0 = Debug|Any CPU
		{22FF77C4-12E1-4CD6-992A-EFF374426AA9}.Debug|Any CPU.Deploy.0 = Debug|Any CPU
		{22FF77C4-12E1-4CD6-992A-EFF374426AA9}.Release|Any CPU.ActiveCfg = Release|Any CPU
		{22FF77C4-12E1-4CD6-992A-EFF374426AA9}.Release|Any CPU.Build.0 = Release|Any CPU
		{22FF77C4-12E1-4CD6-992A-EFF374426AA9}.Release|Any CPU.Deploy.0 = Release|Any CPU
	EndGlobalSection
	GlobalSection(SolutionProperties) = preSolution
		HideSolutionNode = FALSE
	EndGlobalSection
	GlobalSection(ExtensibilityGlobals) = postSolution
		SolutionGuid = {51128622-FD5A-46E1-8839-09CCB761F561}
	EndGlobalSection
EndGlobal
